
Microsoft Visual Studio Solution File, Format Version 12.00
# Visual Studio Version 17
VisualStudioVersion = 17.5.33516.290
MinimumVisualStudioVersion = 10.0.40219.1
Project("{FAE04EC0-301F-11D3-BF4B-00C04F79EFBC}") = "back-mascotas", "back-mascotas\back-mascotas.csproj", "{BA3363B2-D0F5-4ACC-920E-8256A25433C1}"
EndProject
Global
	GlobalSection(SolutionConfigurationPlatforms) = preSolution
		Debug|Any CPU = Debug|Any CPU
		Release|Any CPU = Release|Any CPU
	EndGlobalSection
	GlobalSection(ProjectConfigurationPlatforms) = postSolution
		{BA3363B2-D0F5-4ACC-920E-8256A25433C1}.Debug|Any CPU.ActiveCfg = Debug|Any CPU
		{BA3363B2-D0F5-4ACC-920E-8256A25433C1}.Debug|Any CPU.Build.0 = Debug|Any CPU
		{BA3363B2-D0F5-4ACC-920E-8256A25433C1}.Release|Any CPU.ActiveCfg = Release|Any CPU
		{BA3363B2-D0F5-4ACC-920E-8256A25433C1}.Release|Any CPU.Build.0 = Release|Any CPU
	EndGlobalSection
	GlobalSection(SolutionProperties) = preSolution
		HideSolutionNode = FALSE
	EndGlobalSection
	GlobalSection(ExtensibilityGlobals) = postSolution
		SolutionGuid = {928A1127-20F1-4743-A3D0-D5DCF855EDE6}
	EndGlobalSection
EndGlobal
